
Microsoft Visual Studio Solution File, Format Version 12.00
# Visual Studio Version 17
VisualStudioVersion = 17.4.33205.214
MinimumVisualStudioVersion = 10.0.40219.1
Project("{FAE04EC0-301F-11D3-BF4B-00C04F79EFBC}") = "KuritaTest", "KuritaTest\KuritaTest.csproj", "{47BF898E-1AA9-47E8-AC16-10A0FC3C8537}"
EndProject
Global
	GlobalSection(SolutionConfigurationPlatforms) = preSolution
		Debug|Any CPU = Debug|Any CPU
		Release|Any CPU = Release|Any CPU
	EndGlobalSection
	GlobalSection(ProjectConfigurationPlatforms) = postSolution
		{47BF898E-1AA9-47E8-AC16-10A0FC3C8537}.Debug|Any CPU.ActiveCfg = Debug|Any CPU
		{47BF898E-1AA9-47E8-AC16-10A0FC3C8537}.Debug|Any CPU.Build.0 = Debug|Any CPU
		{47BF898E-1AA9-47E8-AC16-10A0FC3C8537}.Release|Any CPU.ActiveCfg = Release|Any CPU
		{47BF898E-1AA9-47E8-AC16-10A0FC3C8537}.Release|Any CPU.Build.0 = Release|Any CPU
	EndGlobalSection
	GlobalSection(SolutionProperties) = preSolution
		HideSolutionNode = FALSE
	EndGlobalSection
	GlobalSection(ExtensibilityGlobals) = postSolution
		SolutionGuid = {EFF69B17-4345-4F1D-A3E0-B309B1C27FFC}
	EndGlobalSection
EndGlobal
